{
  "name": "baba",
  "version": "1.0.0",
  "lockfileVersion": 3,
  "requires": true,
  "packages": {
    "": {
      "name": "baba",
      "version": "1.0.0",
      "license": "ISC",
      "dependencies": {
        "emailjs-imap-handler": "^3.0.4"
      }
    },
    "node_modules/emailjs-imap-handler": {
      "version": "3.0.4",
      "resolved": "http://npmreg:80/emailjs-imap-handler/-/emailjs-imap-handler-3.0.4.tgz",
      "integrity": "sha512-OKrmTATkLGP6etiUE3JzGbdMtrz5vaUDjv+N+arYIr0azgJfr29ZHs0shmn9KnqoxUg512GccB4UFRqJFCjzJA==",
      "license": "MIT"
    }
  }
}
